
Microsoft Visual Studio Solution File, Format Version 12.00
# Visual Studio Version 17
VisualStudioVersion = 17.7.34031.279
MinimumVisualStudioVersion = 10.0.40219.1
Project("{FAE04EC0-301F-11D3-BF4B-00C04F79EFBC}") = "StudentsAPI", "StudentsAPI\StudentsAPI.csproj", "{AF2B7C80-E69E-44D1-8BA6-E73AC1F9B400}"
EndProject
Project("{FAE04EC0-301F-11D3-BF4B-00C04F79EFBC}") = "BookStoreAPI", "BookStoreAPI\BookStoreAPI.csproj", "{66310401-D7DE-4673-A9D1-FC818B875821}"
EndProject
Global
	GlobalSection(SolutionConfigurationPlatforms) = preSolution
		Debug|Any CPU = Debug|Any CPU
		Release|Any CPU = Release|Any CPU
	EndGlobalSection
	GlobalSection(ProjectConfigurationPlatforms) = postSolution
		{AF2B7C80-E69E-44D1-8BA6-E73AC1F9B400}.Debug|Any CPU.ActiveCfg = Debug|Any CPU
		{AF2B7C80-E69E-44D1-8BA6-E73AC1F9B400}.Debug|Any CPU.Build.0 = Debug|Any CPU
		{AF2B7C80-E69E-44D1-8BA6-E73AC1F9B400}.Release|Any CPU.ActiveCfg = Release|Any CPU
		{AF2B7C80-E69E-44D1-8BA6-E73AC1F9B400}.Release|Any CPU.Build.0 = Release|Any CPU
		{66310401-D7DE-4673-A9D1-FC818B875821}.Debug|Any CPU.ActiveCfg = Debug|Any CPU
		{66310401-D7DE-4673-A9D1-FC818B875821}.Debug|Any CPU.Build.0 = Debug|Any CPU
		{66310401-D7DE-4673-A9D1-FC818B875821}.Release|Any CPU.ActiveCfg = Release|Any CPU
		{66310401-D7DE-4673-A9D1-FC818B875821}.Release|Any CPU.Build.0 = Release|Any CPU
	EndGlobalSection
	GlobalSection(SolutionProperties) = preSolution
		HideSolutionNode = FALSE
	EndGlobalSection
	GlobalSection(ExtensibilityGlobals) = postSolution
		SolutionGuid = {61828DBE-D66F-4EED-9B79-18BBBF4A5480}
	EndGlobalSection
EndGlobal
